// !$*UTF8*$!
{
	archiveVersion = 1;
	classes = {
	};
	objectVersion = 48;
	objects = {

/* Begin PBXBuildFile section */
		05D591CB2031718A002D32C7 /* Models.swift in Sources */ = {isa = PBXBuildFile; fileRef = 05D591CA2031718A002D32C7 /* Models.swift */; };
		05D591CD2031727D002D32C7 /* SeedData.swift in Sources */ = {isa = PBXBuildFile; fileRef = 05D591CC2031727D002D32C7 /* SeedData.swift */; };
		05FBE7842031384E003F51B8 /* AppDelegate.swift in Sources */ = {isa = PBXBuildFile; fileRef = 05FBE7832031384E003F51B8 /* AppDelegate.swift */; };
		05FBE7862031384E003F51B8 /* ViewController.swift in Sources */ = {isa = PBXBuildFile; fileRef = 05FBE7852031384E003F51B8 /* ViewController.swift */; };
		05FBE7892031384E003F51B8 /* Main.storyboard in Resources */ = {isa = PBXBuildFile; fileRef = 05FBE7872031384E003F51B8 /* Main.storyboard */; };
		05FBE78B2031384E003F51B8 /* Assets.xcassets in Resources */ = {isa = PBXBuildFile; fileRef = 05FBE78A2031384E003F51B8 /* Assets.xcassets */; };
		05FBE78E2031384E003F51B8 /* LaunchScreen.storyboard in Resources */ = {isa = PBXBuildFile; fileRef = 05FBE78C2031384E003F51B8 /* LaunchScreen.storyboard */; };
/* End PBXBuildFile section */

/* Begin PBXFileReference section */
		05D591CA2031718A002D32C7 /* Models.swift */ = {isa = PBXFileReference; lastKnownFileType = sourcecode.swift; path = Models.swift; sourceTree = "<group>"; };
		05D591CC2031727D002D32C7 /* SeedData.swift */ = {isa = PBXFileReference; lastKnownFileType = sourcecode.swift; path = SeedData.swift; sourceTree = "<group>"; };
		05FBE7802031384E003F51B8 /* CodableInAction.app */ = {isa = PBXFileReference; explicitFileType = wrapper.application; includeInIndex = 0; path = CodableInAction.app; sourceTree = BUILT_PRODUCTS_DIR; };
		05FBE7832031384E003F51B8 /* AppDelegate.swift */ = {isa = PBXFileReference; lastKnownFileType = sourcecode.swift; path = AppDelegate.swift; sourceTree = "<group>"; };
		05FBE7852031384E003F51B8 /* ViewController.swift */ = {isa = PBXFileReference; lastKnownFileType = sourcecode.swift; path = ViewController.swift; sourceTree = "<group>"; };
		05FBE7882031384E003F51B8 /* Base */ = {isa = PBXFileReference; lastKnownFileType = file.storyboard; name = Base; path = Base.lproj/Main.storyboard; sourceTree = "<group>"; };
		05FBE78A2031384E003F51B8 /* Assets.xcassets */ = {isa = PBXFileReference; lastKnownFileType = folder.assetcatalog; path = Assets.xcassets; sourceTree = "<group>"; };
		05FBE78D2031384E003F51B8 /* Base */ = {isa = PBXFileReference; lastKnownFileType = file.storyboard; name = Base; path = Base.lproj/LaunchScreen.storyboard; sourceTree = "<group>"; };
		05FBE78F2031384E003F51B8 /* Info.plist */ = {isa = PBXFileReference; lastKnownFileType = text.plist.xml; path = Info.plist; sourceTree = "<group>"; };
/* End PBXFileReference section */

/* Begin PBXFrameworksBuildPhase section */
		05FBE77D2031384E003F51B8 /* Frameworks */ = {
			isa = PBXFrameworksBuildPhase;
			buildActionMask = 2147483647;
			files = (
			);
			runOnlyForDeploymentPostprocessing = 0;
		};
/* End PBXFrameworksBuildPhase section */

/* Begin PBXGroup section */
		05FBE7772031384E003F51B8 = {
			isa = PBXGroup;
			children = (
				05FBE7822031384E003F51B8 /* CodableInAction */,
				05FBE7812031384E003F51B8 /* Products */,
			);
			sourceTree = "<group>";
		};
		05FBE7812031384E003F51B8 /* Products */ = {
			isa = PBXGroup;
			children = (
				05FBE7802031384E003F51B8 /* CodableInAction.app */,
			);
			name = Products;
			sourceTree = "<group>";
		};
		05FBE7822031384E003F51B8 /* CodableInAction */ = {
			isa = PBXGroup;
			children = (
				05FBE7832031384E003F51B8 /* AppDelegate.swift */,
				05FBE7852031384E003F51B8 /* ViewController.swift */,
				05FBE7872031384E003F51B8 /* Main.storyboard */,
				05FBE78A2031384E003F51B8 /* Assets.xcassets */,
				05FBE78C2031384E003F51B8 /* LaunchScreen.storyboard */,
				05FBE78F2031384E003F51B8 /* Info.plist */,
				05D591CA2031718A002D32C7 /* Models.swift */,
				05D591CC2031727D002D32C7 /* SeedData.swift */,
			);
			path = CodableInAction;
			sourceTree = "<group>";
		};
/* End PBXGroup section */

/* Begin PBXNativeTarget section */
		05FBE77F2031384E003F51B8 /* CodableInAction */ = {
			isa = PBXNativeTarget;
			buildConfigurationList = 05FBE7922031384E003F51B8 /* Build configuration list for PBXNativeTarget "CodableInAction" */;
			buildPhases = (
				05FBE77C2031384E003F51B8 /* Sources */,
				05FBE77D2031384E003F51B8 /* Frameworks */,
				05FBE77E2031384E003F51B8 /* Resources */,
			);
			buildRules = (
			);
			dependencies = (
			);
			name = CodableInAction;
			productName = CodableInAction;
			productReference = 05FBE7802031384E003F51B8 /* CodableInAction.app */;
			productType = "com.apple.product-type.application";
		};
/* End PBXNativeTarget section */

/* Begin PBXProject section */
		05FBE7782031384E003F51B8 /* Project object */ = {
			isa = PBXProject;
			attributes = {
				LastSwiftUpdateCheck = 0920;
				LastUpgradeCheck = 0920;
				ORGANIZATIONNAME = "Ken Siu";
				TargetAttributes = {
					05FBE77F2031384E003F51B8 = {
						CreatedOnToolsVersion = 9.2;
						ProvisioningStyle = Automatic;
					};
				};
			};
			buildConfigurationList = 05FBE77B2031384E003F51B8 /* Build configuration list for PBXProject "CodableInAction" */;
			compatibilityVersion = "Xcode 8.0";
			developmentRegion = en;
			hasScannedForEncodings = 0;
			knownRegions = (
				en,
				Base,
			);
			mainGroup = 05FBE7772031384E003F51B8;
			productRefGroup = 05FBE7812031384E003F51B8 /* Products */;
			projectDirPath = "";
			projectRoot = "";
			targets = (
				05FBE77F2031384E003F51B8 /* CodableInAction */,
			);
		};
/* End PBXProject section */

/* Begin PBXResourcesBuildPhase section */
		05FBE77E2031384E003F51B8 /* Resources */ = {
			isa = PBXResourcesBuildPhase;
			buildActionMask = 2147483647;
			files = (
				05FBE78E2031384E003F51B8 /* LaunchScreen.storyboard in Resources */,
				05FBE78B2031384E003F51B8 /* Assets.xcassets in Resources */,
				05FBE7892031384E003F51B8 /* Main.storyboard in Resources */,
			);
			runOnlyForDeploymentPostprocessing = 0;
		};
/* End PBXResourcesBuildPhase section */

/* Begin PBXSourcesBuildPhase section */
		05FBE77C2031384E003F51B8 /* Sources */ = {
			isa = PBXSourcesBuildPhase;
			buildActionMask = 2147483647;
			files = (
				05D591CD2031727D002D32C7 /* SeedData.swift in Sources */,
				05D591CB2031718A002D32C7 /* Models.swift in Sources */,
				05FBE7862031384E003F51B8 /* ViewController.swift in Sources */,
				05FBE7842031384E003F51B8 /* AppDelegate.swift in Sources */,
			);
			runOnlyForDeploymentPostprocessing = 0;
		};
/* End PBXSourcesBuildPhase section */

/* Begin PBXVariantGroup section */
		05FBE7872031384E003F51B8 /* Main.storyboard */ = {
			isa = PBXVariantGroup;
			children = (
				05FBE7882031384E003F51B8 /* Base */,
			);
			name = Main.storyboard;
			sourceTree = "<group>";
		};
		05FBE78C2031384E003F51B8 /* LaunchScreen.storyboard */ = {
			isa = PBXVariantGroup;
			children = (
				05FBE78D2031384E003F51B8 /* Base */,
			);
			name = LaunchScreen.storyboard;
			sourceTree = "<group>";
		};
/* End PBXVariantGroup section */

/* Begin XCBuildConfiguration section */
		05FBE7902031384E003F51B8 /* Debug */ = {
			isa = XCBuildConfiguration;
			buildSettings = {
				ALWAYS_SEARCH_USER_PATHS = NO;
				CLANG_ANALYZER_NONNULL = YES;
				CLANG_ANALYZER_NUMBER_OBJECT_CONVERSION = YES_AGGRESSIVE;
				CLANG_CXX_LANGUAGE_STANDARD = "gnu++14";
				CLANG_CXX_LIBRARY = "libc++";
				CLANG_ENABLE_MODULES = YES;
				CLANG_ENABLE_OBJC_ARC = YES;
				CLANG_WARN_BLOCK_CAPTURE_AUTORELEASING = YES;
				CLANG_WARN_BOOL_CONVERSION = YES;
				CLANG_WARN_COMMA = YES;
				CLANG_WARN_CONSTANT_CONVERSION = YES;
				CLANG_WARN_DIRECT_OBJC_ISA_USAGE = YES_ERROR;
				CLANG_WARN_DOCUMENTATION_COMMENTS = YES;
				CLANG_WARN_EMPTY_BODY = YES;
				CLANG_WARN_ENUM_CONVERSION = YES;
				CLANG_WARN_INFINITE_RECURSION = YES;
				CLANG_WARN_INT_CONVERSION = YES;
				CLANG_WARN_NON_LITERAL_NULL_CONVERSION = YES;
				CLANG_WARN_OBJC_LITERAL_CONVERSION = YES;
				CLANG_WARN_OBJC_ROOT_CLASS = YES_ERROR;
				CLANG_WARN_RANGE_LOOP_ANALYSIS = YES;
				CLANG_WARN_STRICT_PROTOTYPES = YES;
				CLANG_WARN_SUSPICIOUS_MOVE = YES;
				CLANG_WARN_UNGUARDED_AVAILABILITY = YES_AGGRESSIVE;
				CLANG_WARN_UNREACHABLE_CODE = YES;
				CLANG_WARN__DUPLICATE_METHOD_MATCH = YES;
				CODE_SIGN_IDENTITY = "iPhone Developer";
				COPY_PHASE_STRIP = NO;
				DEBUG_INFORMATION_FORMAT = dwarf;
				ENABLE_STRICT_OBJC_MSGSEND = YES;
				ENABLE_TESTABILITY = YES;
				GCC_C_LANGUAGE_STANDARD = gnu11;
				GCC_DYNAMIC_NO_PIC = NO;
				GCC_NO_COMMON_BLOCKS = YES;
				GCC_OPTIMIZATION_LEVEL = 0;
				GCC_PREPROCESSOR_DEFINITIONS = (
					"DEBUG=1",
					"$(inherited)",
				);
				GCC_WARN_64_TO_32_BIT_CONVERSION = YES;
				GCC_WARN_ABOUT_RETURN_TYPE = YES_ERROR;
				GCC_WARN_UNDECLARED_SELECTOR = YES;
				GCC_WARN_UNINITIALIZED_AUTOS = YES_AGGRESSIVE;
				GCC_WARN_UNUSED_FUNCTION = YES;
				GCC_WARN_UNUSED_VARIABLE = YES;
				IPHONEOS_DEPLOYMENT_TARGET = 11.2;
				MTL_ENABLE_DEBUG_INFO = YES;
				ONLY_ACTIVE_ARCH = YES;
				SDKROOT = iphoneos;
				SWIFT_ACTIVE_COMPILATION_CONDITIONS = DEBUG;
				SWIFT_OPTIMIZATION_LEVEL = "-Onone";
			};
			name = Debug;
		};
		05FBE7912031384E003F51B8 /* Release */ = {
			isa = XCBuildConfiguration;
			buildSettings = {
				ALWAYS_SEARCH_USER_PATHS = NO;
				CLANG_ANALYZER_NONNULL = YES;
				CLANG_ANALYZER_NUMBER_OBJECT_CONVERSION = YES_AGGRESSIVE;
				CLANG_CXX_LANGUAGE_STANDARD = "gnu++14";
				CLANG_CXX_LIBRARY = "libc++";
				CLANG_ENABLE_MODULES = YES;
				CLANG_ENABLE_OBJC_ARC = YES;
				CLANG_WARN_BLOCK_CAPTURE_AUTORELEASING = YES;
				CLANG_WARN_BOOL_CONVERSION = YES;
				CLANG_WARN_COMMA = YES;
				CLANG_WARN_CONSTANT_CONVERSION = YES;
				CLANG_WARN_DIRECT_OBJC_ISA_USAGE = YES_ERROR;
				CLANG_WARN_DOCUMENTATION_COMMENTS = YES;
				CLANG_WARN_EMPTY_BODY = YES;
				CLANG_WARN_ENUM_CONVERSION = YES;
				CLANG_WARN_INFINITE_RECURSION = YES;
				CLANG_WARN_INT_CONVERSION = YES;
				CLANG_WARN_NON_LITERAL_NULL_CONVERSION = YES;
				CLANG_WARN_OBJC_LITERAL_CONVERSION = YES;
				CLANG_WARN_OBJC_ROOT_CLASS = YES_ERROR;
				CLANG_WARN_RANGE_LOOP_ANALYSIS = YES;
				CLANG_WARN_STRICT_PROTOTYPES = YES;
				CLANG_WARN_SUSPICIOUS_MOVE = YES;
				CLANG_WARN_UNGUARDED_AVAILABILITY = YES_AGGRESSIVE;
				CLANG_WARN_UNREACHABLE_CODE = YES;
				CLANG_WARN__DUPLICATE_METHOD_MATCH = YES;
				CODE_SIGN_IDENTITY = "iPhone Developer";
				COPY_PHASE_STRIP = NO;
				DEBUG_INFORMATION_FORMAT = "dwarf-with-dsym";
				ENABLE_NS_ASSERTIONS = NO;
				ENABLE_STRICT_OBJC_MSGSEND = YES;
				GCC_C_LANGUAGE_STANDARD = gnu11;
				GCC_NO_COMMON_BLOCKS = YES;
				GCC_WARN_64_TO_32_BIT_CONVERSION = YES;
				GCC_WARN_ABOUT_RETURN_TYPE = YES_ERROR;
				GCC_WARN_UNDECLARED_SELECTOR = YES;
				GCC_WARN_UNINITIALIZED_AUTOS = YES_AGGRESSIVE;
				GCC_WARN_UNUSED_FUNCTION = YES;
				GCC_WARN_UNUSED_VARIABLE = YES;
				IPHONEOS_DEPLOYMENT_TARGET = 11.2;
				MTL_ENABLE_DEBUG_INFO = NO;
				SDKROOT = iphoneos;
				SWIFT_OPTIMIZATION_LEVEL = "-Owholemodule";
				VALIDATE_PRODUCT = YES;
			};
			name = Release;
		};
		05FBE7932031384E003F51B8 /* Debug */ = {
			isa = XCBuildConfiguration;
			buildSettings = {
				ASSETCATALOG_COMPILER_APPICON_NAME = AppIcon;
				CODE_SIGN_STYLE = Automatic;
				DEVELOPMENT_TEAM = BDTL2BFZYG;
				INFOPLIST_FILE = CodableInAction/Info.plist;
				LD_RUNPATH_SEARCH_PATHS = "$(inherited) @executable_path/Frameworks";
				PRODUCT_BUNDLE_IDENTIFIER = Accedo.CodableInAction;
				PRODUCT_NAME = "$(TARGET_NAME)";
				SWIFT_VERSION = 4.0;
				TARGETED_DEVICE_FAMILY = "1,2";
			};
			name = Debug;
		};
		05FBE7942031384E003F51B8 /* Release */ = {
			isa = XCBuildConfiguration;
			buildSettings = {
				ASSETCATALOG_COMPILER_APPICON_NAME = AppIcon;
				CODE_SIGN_STYLE = Automatic;
				DEVELOPMENT_TEAM = BDTL2BFZYG;
				INFOPLIST_FILE = CodableInAction/Info.plist;
				LD_RUNPATH_SEARCH_PATHS = "$(inherited) @executable_path/Frameworks";
				PRODUCT_BUNDLE_IDENTIFIER = Accedo.CodableInAction;
				PRODUCT_NAME = "$(TARGET_NAME)";
				SWIFT_VERSION = 4.0;
				TARGETED_DEVICE_FAMILY = "1,2";
			};
			name = Release;
		};
/* End XCBuildConfiguration section */

/* Begin XCConfigurationList section */
		05FBE77B2031384E003F51B8 /* Build configuration list for PBXProject "CodableInAction" */ = {
			isa = XCConfigurationList;
			buildConfigurations = (
				05FBE7902031384E003F51B8 /* Debug */,
				05FBE7912031384E003F51B8 /* Release */,
			);
			defaultConfigurationIsVisible = 0;
			defaultConfigurationName = Release;
		};
		05FBE7922031384E003F51B8 /* Build configuration list for PBXNativeTarget "CodableInAction" */ = {
			isa = XCConfigurationList;
			buildConfigurations = (
				05FBE7932031384E003F51B8 /* Debug */,
				05FBE7942031384E003F51B8 /* Release */,
			);
			defaultConfigurationIsVisible = 0;
			defaultConfigurationName = Release;
		};
/* End XCConfigurationList section */
	};
	rootObject = 05FBE7782031384E003F51B8 /* Project object */;
}
